
Microsoft Visual Studio Solution File, Format Version 12.00
# Visual Studio Version 16
VisualStudioVersion = 16.0.31205.134
MinimumVisualStudioVersion = 10.0.40219.1
Project("{FAE04EC0-301F-11D3-BF4B-00C04F79EFBC}") = "GestaoEquipamentosObjeto", "GestaoEquipamentosObjeto\GestaoEquipamentosObjeto.csproj", "{0794EAEC-38EB-4DF0-B9A8-E19B1FAEF613}"
EndProject
Global
	GlobalSection(SolutionConfigurationPlatforms) = preSolution
		Debug|Any CPU = Debug|Any CPU
		Release|Any CPU = Release|Any CPU
	EndGlobalSection
	GlobalSection(ProjectConfigurationPlatforms) = postSolution
		{0794EAEC-38EB-4DF0-B9A8-E19B1FAEF613}.Debug|Any CPU.ActiveCfg = Debug|Any CPU
		{0794EAEC-38EB-4DF0-B9A8-E19B1FAEF613}.Debug|Any CPU.Build.0 = Debug|Any CPU
		{0794EAEC-38EB-4DF0-B9A8-E19B1FAEF613}.Release|Any CPU.ActiveCfg = Release|Any CPU
		{0794EAEC-38EB-4DF0-B9A8-E19B1FAEF613}.Release|Any CPU.Build.0 = Release|Any CPU
	EndGlobalSection
	GlobalSection(SolutionProperties) = preSolution
		HideSolutionNode = FALSE
	EndGlobalSection
	GlobalSection(ExtensibilityGlobals) = postSolution
		SolutionGuid = {A286D046-37D6-45EA-8EC7-CD9F58495340}
	EndGlobalSection
EndGlobal
